
Microsoft Visual Studio Solution File, Format Version 12.00
# Visual Studio Version 16
VisualStudioVersion = 16.0.30011.22
MinimumVisualStudioVersion = 10.0.40219.1
Project("{9A19103F-16F7-4668-BE54-9A1E7A4F7556}") = "SwtorOptimizer", "SwtorOptimizer\SwtorOptimizer.csproj", "{25A27E2A-DD44-414E-AA24-1C388D1D14E5}"
EndProject
Project("{9A19103F-16F7-4668-BE54-9A1E7A4F7556}") = "SwtorOptimizer.Business", "SwtorOptimizer.Business\SwtorOptimizer.Business.csproj", "{904BF6D7-3AD9-42B0-8A3D-B51DC4D0E477}"
EndProject
Project("{9A19103F-16F7-4668-BE54-9A1E7A4F7556}") = "SwtorOptimizer.Database", "SwtorOptimizer.Database\SwtorOptimizer.Database.csproj", "{F112A18C-48EA-41EB-B970-D669649C54BB}"
EndProject
Project("{9A19103F-16F7-4668-BE54-9A1E7A4F7556}") = "SwtorOptimizer.Calculator", "SwtorOptimizer.Calculator\SwtorOptimizer.Calculator.csproj", "{059933F3-1F7D-4AD0-9405-6F9CF3B724CB}"
EndProject
Global
	GlobalSection(SolutionConfigurationPlatforms) = preSolution
		Debug|Any CPU = Debug|Any CPU
		Release|Any CPU = Release|Any CPU
	EndGlobalSection
	GlobalSection(ProjectConfigurationPlatforms) = postSolution
		{25A27E2A-DD44-414E-AA24-1C388D1D14E5}.Debug|Any CPU.ActiveCfg = Debug|Any CPU
		{25A27E2A-DD44-414E-AA24-1C388D1D14E5}.Debug|Any CPU.Build.0 = Debug|Any CPU
		{25A27E2A-DD44-414E-AA24-1C388D1D14E5}.Release|Any CPU.ActiveCfg = Release|Any CPU
		{25A27E2A-DD44-414E-AA24-1C388D1D14E5}.Release|Any CPU.Build.0 = Release|Any CPU
		{904BF6D7-3AD9-42B0-8A3D-B51DC4D0E477}.Debug|Any CPU.ActiveCfg = Debug|Any CPU
		{904BF6D7-3AD9-42B0-8A3D-B51DC4D0E477}.Debug|Any CPU.Build.0 = Debug|Any CPU
		{904BF6D7-3AD9-42B0-8A3D-B51DC4D0E477}.Release|Any CPU.ActiveCfg = Release|Any CPU
		{904BF6D7-3AD9-42B0-8A3D-B51DC4D0E477}.Release|Any CPU.Build.0 = Release|Any CPU
		{F112A18C-48EA-41EB-B970-D669649C54BB}.Debug|Any CPU.ActiveCfg = Debug|Any CPU
		{F112A18C-48EA-41EB-B970-D669649C54BB}.Debug|Any CPU.Build.0 = Debug|Any CPU
		{F112A18C-48EA-41EB-B970-D669649C54BB}.Release|Any CPU.ActiveCfg = Release|Any CPU
		{F112A18C-48EA-41EB-B970-D669649C54BB}.Release|Any CPU.Build.0 = Release|Any CPU
		{059933F3-1F7D-4AD0-9405-6F9CF3B724CB}.Debug|Any CPU.ActiveCfg = Debug|Any CPU
		{059933F3-1F7D-4AD0-9405-6F9CF3B724CB}.Debug|Any CPU.Build.0 = Debug|Any CPU
		{059933F3-1F7D-4AD0-9405-6F9CF3B724CB}.Release|Any CPU.ActiveCfg = Release|Any CPU
		{059933F3-1F7D-4AD0-9405-6F9CF3B724CB}.Release|Any CPU.Build.0 = Release|Any CPU
	EndGlobalSection
	GlobalSection(SolutionProperties) = preSolution
		HideSolutionNode = FALSE
	EndGlobalSection
	GlobalSection(ExtensibilityGlobals) = postSolution
		SolutionGuid = {44B6A666-B256-4019-882A-22664E6E65B8}
	EndGlobalSection
EndGlobal
